
Microsoft Visual Studio Solution File, Format Version 12.00
# Visual Studio Version 16
VisualStudioVersion = 16.0.31321.278
MinimumVisualStudioVersion = 10.0.40219.1
Project("{FAE04EC0-301F-11D3-BF4B-00C04F79EFBC}") = "Entities", "Entities\Entities.csproj", "{DA5E41A6-BE0B-46B1-B11A-8F7F14184D2B}"
EndProject
Project("{FAE04EC0-301F-11D3-BF4B-00C04F79EFBC}") = "Core", "Core\Core.csproj", "{B174118B-A637-4002-9BA3-E004DE744DE7}"
EndProject
Project("{FAE04EC0-301F-11D3-BF4B-00C04F79EFBC}") = "Business", "Business\Business.csproj", "{798DB574-C338-4022-83C2-6F2A82D9684A}"
EndProject
Project("{FAE04EC0-301F-11D3-BF4B-00C04F79EFBC}") = "DataAccess", "DataAccess\DataAccess.csproj", "{A4028D24-A313-4356-9312-BF6594F1ABD6}"
EndProject
Project("{FAE04EC0-301F-11D3-BF4B-00C04F79EFBC}") = "WebAPI", "WebAPI\WebAPI.csproj", "{D81DDECD-FC9B-480F-A65A-B7C20D2D7B51}"
EndProject
Global
	GlobalSection(SolutionConfigurationPlatforms) = preSolution
		Debug|Any CPU = Debug|Any CPU
		Release|Any CPU = Release|Any CPU
	EndGlobalSection
	GlobalSection(ProjectConfigurationPlatforms) = postSolution
		{DA5E41A6-BE0B-46B1-B11A-8F7F14184D2B}.Debug|Any CPU.ActiveCfg = Debug|Any CPU
		{DA5E41A6-BE0B-46B1-B11A-8F7F14184D2B}.Debug|Any CPU.Build.0 = Debug|Any CPU
		{DA5E41A6-BE0B-46B1-B11A-8F7F14184D2B}.Release|Any CPU.ActiveCfg = Release|Any CPU
		{DA5E41A6-BE0B-46B1-B11A-8F7F14184D2B}.Release|Any CPU.Build.0 = Release|Any CPU
		{B174118B-A637-4002-9BA3-E004DE744DE7}.Debug|Any CPU.ActiveCfg = Debug|Any CPU
		{B174118B-A637-4002-9BA3-E004DE744DE7}.Debug|Any CPU.Build.0 = Debug|Any CPU
		{B174118B-A637-4002-9BA3-E004DE744DE7}.Release|Any CPU.ActiveCfg = Release|Any CPU
		{B174118B-A637-4002-9BA3-E004DE744DE7}.Release|Any CPU.Build.0 = Release|Any CPU
		{798DB574-C338-4022-83C2-6F2A82D9684A}.Debug|Any CPU.ActiveCfg = Debug|Any CPU
		{798DB574-C338-4022-83C2-6F2A82D9684A}.Debug|Any CPU.Build.0 = Debug|Any CPU
		{798DB574-C338-4022-83C2-6F2A82D9684A}.Release|Any CPU.ActiveCfg = Release|Any CPU
		{798DB574-C338-4022-83C2-6F2A82D9684A}.Release|Any CPU.Build.0 = Release|Any CPU
		{A4028D24-A313-4356-9312-BF6594F1ABD6}.Debug|Any CPU.ActiveCfg = Debug|Any CPU
		{A4028D24-A313-4356-9312-BF6594F1ABD6}.Debug|Any CPU.Build.0 = Debug|Any CPU
		{A4028D24-A313-4356-9312-BF6594F1ABD6}.Release|Any CPU.ActiveCfg = Release|Any CPU
		{A4028D24-A313-4356-9312-BF6594F1ABD6}.Release|Any CPU.Build.0 = Release|Any CPU
		{D81DDECD-FC9B-480F-A65A-B7C20D2D7B51}.Debug|Any CPU.ActiveCfg = Debug|Any CPU
		{D81DDECD-FC9B-480F-A65A-B7C20D2D7B51}.Debug|Any CPU.Build.0 = Debug|Any CPU
		{D81DDECD-FC9B-480F-A65A-B7C20D2D7B51}.Release|Any CPU.ActiveCfg = Release|Any CPU
		{D81DDECD-FC9B-480F-A65A-B7C20D2D7B51}.Release|Any CPU.Build.0 = Release|Any CPU
	EndGlobalSection
	GlobalSection(SolutionProperties) = preSolution
		HideSolutionNode = FALSE
	EndGlobalSection
	GlobalSection(ExtensibilityGlobals) = postSolution
		SolutionGuid = {50A8FD5C-E4BB-4064-81A4-E171095ECF24}
	EndGlobalSection
EndGlobal
